
Microsoft Visual Studio Solution File, Format Version 12.00
# Visual Studio 2013
VisualStudioVersion = 12.0.21005.1
MinimumVisualStudioVersion = 10.0.40219.1
Project("{8BC9CEB8-8B4A-11D0-8D11-00A0C91BC942}") = "Sort", "Sort\Sort.vcxproj", "{8FCBC07F-8A3F-42FF-96CB-6C61B04E0E32}"
EndProject
Project("{8BC9CEB8-8B4A-11D0-8D11-00A0C91BC942}") = "StackQuicksort", "StackQuicksort\StackQuicksort.vcxproj", "{E22B6E0A-2E86-41BE-8CAE-56F7CD652918}"
EndProject
Project("{8BC9CEB8-8B4A-11D0-8D11-00A0C91BC942}") = "Built-in_Quicksort", "Built-in_Quicksort\Built-in_Quicksort.vcxproj", "{C246C4C8-B99A-4BF8-A002-762A96BE99B7}"
EndProject
Global
	GlobalSection(SolutionConfigurationPlatforms) = preSolution
		Debug|Win32 = Debug|Win32
		Release|Win32 = Release|Win32
	EndGlobalSection
	GlobalSection(ProjectConfigurationPlatforms) = postSolution
		{8FCBC07F-8A3F-42FF-96CB-6C61B04E0E32}.Debug|Win32.ActiveCfg = Debug|Win32
		{8FCBC07F-8A3F-42FF-96CB-6C61B04E0E32}.Debug|Win32.Build.0 = Debug|Win32
		{8FCBC07F-8A3F-42FF-96CB-6C61B04E0E32}.Release|Win32.ActiveCfg = Release|Win32
		{8FCBC07F-8A3F-42FF-96CB-6C61B04E0E32}.Release|Win32.Build.0 = Release|Win32
		{E22B6E0A-2E86-41BE-8CAE-56F7CD652918}.Debug|Win32.ActiveCfg = Debug|Win32
		{E22B6E0A-2E86-41BE-8CAE-56F7CD652918}.Debug|Win32.Build.0 = Debug|Win32
		{E22B6E0A-2E86-41BE-8CAE-56F7CD652918}.Release|Win32.ActiveCfg = Release|Win32
		{E22B6E0A-2E86-41BE-8CAE-56F7CD652918}.Release|Win32.Build.0 = Release|Win32
		{C246C4C8-B99A-4BF8-A002-762A96BE99B7}.Debug|Win32.ActiveCfg = Debug|Win32
		{C246C4C8-B99A-4BF8-A002-762A96BE99B7}.Debug|Win32.Build.0 = Debug|Win32
		{C246C4C8-B99A-4BF8-A002-762A96BE99B7}.Release|Win32.ActiveCfg = Release|Win32
		{C246C4C8-B99A-4BF8-A002-762A96BE99B7}.Release|Win32.Build.0 = Release|Win32
	EndGlobalSection
	GlobalSection(SolutionProperties) = preSolution
		HideSolutionNode = FALSE
	EndGlobalSection
EndGlobal
