
Microsoft Visual Studio Solution File, Format Version 12.00
# Visual Studio 2013
VisualStudioVersion = 12.0.21005.1
MinimumVisualStudioVersion = 10.0.40219.1
Project("{FAE04EC0-301F-11D3-BF4B-00C04F79EFBC}") = "web_access", "web_access\web_access.csproj", "{C9F9D5B5-6165-4647-A7D8-CDEBC445C179}"
EndProject
Project("{FAE04EC0-301F-11D3-BF4B-00C04F79EFBC}") = "TestHttp", "TestHttp\TestHttp.csproj", "{2D3BDA54-9B97-48C2-80C5-B36D25E82102}"
EndProject
Global
	GlobalSection(SolutionConfigurationPlatforms) = preSolution
		Debug|Any CPU = Debug|Any CPU
		Release|Any CPU = Release|Any CPU
	EndGlobalSection
	GlobalSection(ProjectConfigurationPlatforms) = postSolution
		{C9F9D5B5-6165-4647-A7D8-CDEBC445C179}.Debug|Any CPU.ActiveCfg = Debug|Any CPU
		{C9F9D5B5-6165-4647-A7D8-CDEBC445C179}.Debug|Any CPU.Build.0 = Debug|Any CPU
		{C9F9D5B5-6165-4647-A7D8-CDEBC445C179}.Release|Any CPU.ActiveCfg = Release|Any CPU
		{C9F9D5B5-6165-4647-A7D8-CDEBC445C179}.Release|Any CPU.Build.0 = Release|Any CPU
		{2D3BDA54-9B97-48C2-80C5-B36D25E82102}.Debug|Any CPU.ActiveCfg = Debug|Any CPU
		{2D3BDA54-9B97-48C2-80C5-B36D25E82102}.Debug|Any CPU.Build.0 = Debug|Any CPU
		{2D3BDA54-9B97-48C2-80C5-B36D25E82102}.Release|Any CPU.ActiveCfg = Release|Any CPU
		{2D3BDA54-9B97-48C2-80C5-B36D25E82102}.Release|Any CPU.Build.0 = Release|Any CPU
	EndGlobalSection
	GlobalSection(SolutionProperties) = preSolution
		HideSolutionNode = FALSE
	EndGlobalSection
EndGlobal
