
Microsoft Visual Studio Solution File, Format Version 11.00
# Visual Studio 2010
Project("{8BC9CEB8-8B4A-11D0-8D11-00A0C91BC942}") = "GameNoName", "GameNoName\GameNoName.vcxproj", "{78179102-F9FD-4EFC-9288-549D165CBB3B}"
EndProject
Global
	GlobalSection(SolutionConfigurationPlatforms) = preSolution
		Debug|Win32 = Debug|Win32
		Release|Win32 = Release|Win32
	EndGlobalSection
	GlobalSection(ProjectConfigurationPlatforms) = postSolution
		{78179102-F9FD-4EFC-9288-549D165CBB3B}.Debug|Win32.ActiveCfg = Debug|Win32
		{78179102-F9FD-4EFC-9288-549D165CBB3B}.Debug|Win32.Build.0 = Debug|Win32
		{78179102-F9FD-4EFC-9288-549D165CBB3B}.Release|Win32.ActiveCfg = Release|Win32
		{78179102-F9FD-4EFC-9288-549D165CBB3B}.Release|Win32.Build.0 = Release|Win32
	EndGlobalSection
	GlobalSection(SolutionProperties) = preSolution
		HideSolutionNode = FALSE
	EndGlobalSection
EndGlobal
